{
  "name": "site",
  "lockfileVersion": 3,
  "requires": true,
  "packages": {
    "": {
      "dependencies": {
        "node-php": "^0.0.1"
      }
    },
    "node_modules/node-php": {
      "version": "0.0.1",
      "resolved": "https://registry.npmjs.org/node-php/-/node-php-0.0.1.tgz",
      "integrity": "sha512-ViiDOXrL+ts7erCrenUEPGHL7qaigICWbB8JwI06aGp4TGbSM6TNRLBBQgKHWuuc1oZQa1qZDYUQNoW6ABsv4A==",
      "engines": {
        "node": "*"
      }
    }
  }
}
